{
	"requires": true,
	"lockfileVersion": 1,
	"dependencies": {
		"@types/chai": {
			"version": "4.0.4",
			"resolved": "https://registry.npmjs.org/@types/chai/-/chai-4.0.4.tgz",
			"integrity": "sha512-cvU0HomQ7/aGDQJZsbtJXqBQ7w4J4TqLB0Z/h8mKrpRjfeZEvTbygkfJEb7fWdmwpIeDeFmIVwAEqS0OYuUv3Q=="
		},
		"@types/geojson": {
			"version": "1.0.5",
			"resolved": "https://registry.npmjs.org/@types/geojson/-/geojson-1.0.5.tgz",
			"integrity": "sha512-Vv/xcob92T/Vncg/AvPMYS0R2a+PYBnnTGNb7bE8jyqEXqq08Tp1frhx6+ExKCImyQq6iLfqjeXt/Wtsh8Sjgw=="
		},
		"@types/mocha": {
			"version": "2.2.43",
			"resolved": "https://registry.npmjs.org/@types/mocha/-/mocha-2.2.43.tgz",
			"integrity": "sha512-xNlAmH+lRJdUMXClMTI9Y0pRqIojdxfm7DHsIxoB2iTzu3fnPmSMEN8SsSx0cdwV36d02PWCWaDUoZPDSln+xw=="
		},
		"@types/node": {
			"version": "8.0.34",
			"resolved": "https://registry.npmjs.org/@types/node/-/node-8.0.34.tgz",
			"integrity": "sha512-Jnmm57+nHqvJUPwUzt1CLoLzFtF2B2vgG7cWFut+a4nqTp9/L6pL0N+o0Jt3V7AQnCKMsPEqQpLFZYleBCdq3w=="
		},
		"accepts": {
			"version": "1.3.4",
			"resolved": "https://registry.npmjs.org/accepts/-/accepts-1.3.4.tgz",
			"integrity": "sha1-hiRnWMfdbSGmR0/whKR0DsBesh8=",
			"requires": {
				"mime-types": "2.1.17",
				"negotiator": "0.6.1"
			}
		},
		"ansi-styles": {
			"version": "3.2.0",
			"resolved": "https://registry.npmjs.org/ansi-styles/-/ansi-styles-3.2.0.tgz",
			"integrity": "sha512-NnSOmMEYtVR2JVMIGTzynRkkaxtiq1xnFBcdQD/DnNCYPoEPsVJhM98BDyaoNOQIi7p4okdi3E27eN7GQbsUug==",
			"requires": {
				"color-convert": "1.9.0"
			}
		},
		"any-promise": {
			"version": "1.3.0",
			"resolved": "https://registry.npmjs.org/any-promise/-/any-promise-1.3.0.tgz",
			"integrity": "sha1-q8av7tzqUugJzcA3au0845Y10X8="
		},
		"array-flatten": {
			"version": "1.1.1",
			"resolved": "https://registry.npmjs.org/array-flatten/-/array-flatten-1.1.1.tgz",
			"integrity": "sha1-ml9pkFGx5wczKPKgCJaLZOopVdI="
		},
		"arrify": {
			"version": "1.0.1",
			"resolved": "https://registry.npmjs.org/arrify/-/arrify-1.0.1.tgz",
			"integrity": "sha1-iYUI2iIm84DfkEcoRWhJwVAaSw0="
		},
		"assertion-error": {
			"version": "1.0.2",
			"resolved": "https://registry.npmjs.org/assertion-error/-/assertion-error-1.0.2.tgz",
			"integrity": "sha1-E8pRXYYgbaC6xm6DTdOX2HWBCUw="
		},
		"balanced-match": {
			"version": "1.0.0",
			"resolved": "https://registry.npmjs.org/balanced-match/-/balanced-match-1.0.0.tgz",
			"integrity": "sha1-ibTRmasr7kneFk6gK4nORi1xt2c="
		},
		"bluebird": {
			"version": "3.5.1",
			"resolved": "https://registry.npmjs.org/bluebird/-/bluebird-3.5.1.tgz",
			"integrity": "sha512-MKiLiV+I1AA596t9w1sQJ8jkiSr5+ZKi0WKrYGUn6d1Fx+Ij4tIj+m2WMQSGczs5jZVxV339chE8iwk6F64wjA=="
		},
		"body-parser": {
			"version": "1.18.2",
			"resolved": "https://registry.npmjs.org/body-parser/-/body-parser-1.18.2.tgz",
			"integrity": "sha1-h2eKGdhLR9hZuDGZvVm84iKxBFQ=",
			"requires": {
				"bytes": "3.0.0",
				"content-type": "1.0.4",
				"debug": "2.6.9",
				"depd": "1.1.1",
				"http-errors": "1.6.2",
				"iconv-lite": "0.4.19",
				"on-finished": "2.3.0",
				"qs": "6.5.1",
				"raw-body": "2.3.2",
				"type-is": "1.6.15"
			}
		},
		"brace-expansion": {
			"version": "1.1.8",
			"resolved": "https://registry.npmjs.org/brace-expansion/-/brace-expansion-1.1.8.tgz",
			"integrity": "sha1-wHshHHyVLsH479Uad+8NHTmQopI=",
			"requires": {
				"balanced-match": "1.0.0",
				"concat-map": "0.0.1"
			}
		},
		"browser-stdout": {
			"version": "1.3.0",
			"resolved": "https://registry.npmjs.org/browser-stdout/-/browser-stdout-1.3.0.tgz",
			"integrity": "sha1-81HTKWnTL6XXpVZxVCY9korjvR8="
		},
		"buffer-writer": {
			"version": "1.0.1",
			"resolved": "https://registry.npmjs.org/buffer-writer/-/buffer-writer-1.0.1.tgz",
			"integrity": "sha1-Iqk2kB4wKa/NdUfrRIfOtpejvwg="
		},
		"bytes": {
			"version": "3.0.0",
			"resolved": "https://registry.npmjs.org/bytes/-/bytes-3.0.0.tgz",
			"integrity": "sha1-0ygVQE1olpn4Wk6k+odV3ROpYEg="
		},
		"chai": {
			"version": "4.1.2",
			"resolved": "https://registry.npmjs.org/chai/-/chai-4.1.2.tgz",
			"integrity": "sha1-D2RYS6ZC8PKs4oBiefTwbKI61zw=",
			"requires": {
				"assertion-error": "1.0.2",
				"check-error": "1.0.2",
				"deep-eql": "3.0.1",
				"get-func-name": "2.0.0",
				"pathval": "1.1.0",
				"type-detect": "4.0.3"
			}
		},
		"chalk": {
			"version": "2.1.0",
			"resolved": "https://registry.npmjs.org/chalk/-/chalk-2.1.0.tgz",
			"integrity": "sha512-LUHGS/dge4ujbXMJrnihYMcL4AoOweGnw9Tp3kQuqy1Kx5c1qKjqvMJZ6nVJPMWJtKCTN72ZogH3oeSO9g9rXQ==",
			"requires": {
				"ansi-styles": "3.2.0",
				"escape-string-regexp": "1.0.5",
				"supports-color": "4.4.0"
			},
			"dependencies": {
				"has-flag": {
					"version": "2.0.0",
					"resolved": "https://registry.npmjs.org/has-flag/-/has-flag-2.0.0.tgz",
					"integrity": "sha1-6CB68cx7MNRGzHC3NLXovhj4jVE="
				},
				"supports-color": {
					"version": "4.4.0",
					"resolved": "https://registry.npmjs.org/supports-color/-/supports-color-4.4.0.tgz",
					"integrity": "sha512-rKC3+DyXWgK0ZLKwmRsrkyHVZAjNkfzeehuFWdGGcqGDTZFH73+RH6S/RDAAxl9GusSjZSUWYLmT9N5pzXFOXQ==",
					"requires": {
						"has-flag": "2.0.0"
					}
				}
			}
		},
		"check-error": {
			"version": "1.0.2",
			"resolved": "https://registry.npmjs.org/check-error/-/check-error-1.0.2.tgz",
			"integrity": "sha1-V00xLt2Iu13YkS6Sht1sCu1KrII="
		},
		"cls-bluebird": {
			"version": "2.0.1",
			"resolved": "https://registry.npmjs.org/cls-bluebird/-/cls-bluebird-2.0.1.tgz",
			"integrity": "sha1-wlmkgK4CwOUGE0MHuxPbMERu4uc=",
			"requires": {
				"is-bluebird": "1.0.2",
				"shimmer": "1.1.0"
			}
		},
		"color-convert": {
			"version": "1.9.0",
			"resolved": "https://registry.npmjs.org/color-convert/-/color-convert-1.9.0.tgz",
			"integrity": "sha1-Gsz5fdc5uYO/mU1W/sj5WFNkG3o=",
			"requires": {
				"color-name": "1.1.3"
			}
		},
		"color-name": {
			"version": "1.1.3",
			"resolved": "https://registry.npmjs.org/color-name/-/color-name-1.1.3.tgz",
			"integrity": "sha1-p9BVi9icQveV3UIyj3QIMcpTvCU="
		},
		"commander": {
			"version": "2.9.0",
			"resolved": "https://registry.npmjs.org/commander/-/commander-2.9.0.tgz",
			"integrity": "sha1-nJkJQXbhIkDLItbFFGCYQA/g99Q=",
			"requires": {
				"graceful-readlink": "1.0.1"
			}
		},
		"concat-map": {
			"version": "0.0.1",
			"resolved": "https://registry.npmjs.org/concat-map/-/concat-map-0.0.1.tgz",
			"integrity": "sha1-2Klr13/Wjfd5OnMDajug1UBdR3s="
		},
		"content-disposition": {
			"version": "0.5.2",
			"resolved": "https://registry.npmjs.org/content-disposition/-/content-disposition-0.5.2.tgz",
			"integrity": "sha1-DPaLud318r55YcOoUXjLhdunjLQ="
		},
		"content-type": {
			"version": "1.0.4",
			"resolved": "https://registry.npmjs.org/content-type/-/content-type-1.0.4.tgz",
			"integrity": "sha512-hIP3EEPs8tB9AT1L+NUqtwOAps4mk2Zob89MWXMHjHWg9milF/j4osnnQLXBCBFBk/tvIG/tUc9mOUJiPBhPXA=="
		},
		"cookie": {
			"version": "0.3.1",
			"resolved": "https://registry.npmjs.org/cookie/-/cookie-0.3.1.tgz",
			"integrity": "sha1-5+Ch+e9DtMi6klxcWpboBtFoc7s="
		},
		"cookie-signature": {
			"version": "1.0.6",
			"resolved": "https://registry.npmjs.org/cookie-signature/-/cookie-signature-1.0.6.tgz",
			"integrity": "sha1-4wOogrNCzD7oylE6eZmXNNqzriw="
		},
		"debug": {
			"version": "2.6.9",
			"resolved": "https://registry.npmjs.org/debug/-/debug-2.6.9.tgz",
			"integrity": "sha512-bC7ElrdJaJnPbAP+1EotYvqZsb3ecl5wi6Bfi6BJTUcNowp6cvspg0jXznRTKDjm/E7AdgFBVeAPVMNcKGsHMA==",
			"requires": {
				"ms": "2.0.0"
			}
		},
		"deep-eql": {
			"version": "3.0.1",
			"resolved": "https://registry.npmjs.org/deep-eql/-/deep-eql-3.0.1.tgz",
			"integrity": "sha512-+QeIQyN5ZuO+3Uk5DYh6/1eKO0m0YmJFGNmFHGACpf1ClL1nmlV/p4gNgbl2pJGxgXb4faqo6UE+M5ACEMyVcw==",
			"requires": {
				"type-detect": "4.0.3"
			}
		},
		"depd": {
			"version": "1.1.1",
			"resolved": "https://registry.npmjs.org/depd/-/depd-1.1.1.tgz",
			"integrity": "sha1-V4O04cRZ8G+lyif5kfPQbnoxA1k="
		},
		"destroy": {
			"version": "1.0.4",
			"resolved": "https://registry.npmjs.org/destroy/-/destroy-1.0.4.tgz",
			"integrity": "sha1-l4hXRCxEdJ5CBmE+N5RiBYJqvYA="
		},
		"diff": {
			"version": "3.2.0",
			"resolved": "https://registry.npmjs.org/diff/-/diff-3.2.0.tgz",
			"integrity": "sha1-yc45Okt8vQsFinJck98pkCeGj/k="
		},
		"dottie": {
			"version": "2.0.0",
			"resolved": "https://registry.npmjs.org/dottie/-/dottie-2.0.0.tgz",
			"integrity": "sha1-2hkZgci41xPKARXViYzzl8Lw3dA="
		},
		"ee-first": {
			"version": "1.1.1",
			"resolved": "https://registry.npmjs.org/ee-first/-/ee-first-1.1.1.tgz",
			"integrity": "sha1-WQxhFWsK4vTwJVcyoViyZrxWsh0="
		},
		"encodeurl": {
			"version": "1.0.1",
			"resolved": "https://registry.npmjs.org/encodeurl/-/encodeurl-1.0.1.tgz",
			"integrity": "sha1-eePVhlU0aQn+bw9Fpd5oEDspTSA="
		},
		"error-ex": {
			"version": "1.3.1",
			"resolved": "https://registry.npmjs.org/error-ex/-/error-ex-1.3.1.tgz",
			"integrity": "sha1-+FWobOYa3E6GIcPNoh56dhLDqNw=",
			"requires": {
				"is-arrayish": "0.2.1"
			}
		},
		"escape-html": {
			"version": "1.0.3",
			"resolved": "https://registry.npmjs.org/escape-html/-/escape-html-1.0.3.tgz",
			"integrity": "sha1-Aljq5NPQwJdN4cFpGI7wBR0dGYg="
		},
		"escape-string-regexp": {
			"version": "1.0.5",
			"resolved": "https://registry.npmjs.org/escape-string-regexp/-/escape-string-regexp-1.0.5.tgz",
			"integrity": "sha1-G2HAViGQqN/2rjuyzwIAyhMLhtQ="
		},
		"etag": {
			"version": "1.8.1",
			"resolved": "https://registry.npmjs.org/etag/-/etag-1.8.1.tgz",
			"integrity": "sha1-Qa4u62XvpiJorr/qg6x9eSmbCIc="
		},
		"express": {
			"version": "4.16.2",
			"resolved": "https://registry.npmjs.org/express/-/express-4.16.2.tgz",
			"integrity": "sha1-41xt/i1kt9ygpc1PIXgb4ymeB2w=",
			"requires": {
				"accepts": "1.3.4",
				"array-flatten": "1.1.1",
				"body-parser": "1.18.2",
				"content-disposition": "0.5.2",
				"content-type": "1.0.4",
				"cookie": "0.3.1",
				"cookie-signature": "1.0.6",
				"debug": "2.6.9",
				"depd": "1.1.1",
				"encodeurl": "1.0.1",
				"escape-html": "1.0.3",
				"etag": "1.8.1",
				"finalhandler": "1.1.0",
				"fresh": "0.5.2",
				"merge-descriptors": "1.0.1",
				"methods": "1.1.2",
				"on-finished": "2.3.0",
				"parseurl": "1.3.2",
				"path-to-regexp": "0.1.7",
				"proxy-addr": "2.0.2",
				"qs": "6.5.1",
				"range-parser": "1.2.0",
				"safe-buffer": "5.1.1",
				"send": "0.16.1",
				"serve-static": "1.13.1",
				"setprototypeof": "1.1.0",
				"statuses": "1.3.1",
				"type-is": "1.6.15",
				"utils-merge": "1.0.1",
				"vary": "1.1.2"
			},
			"dependencies": {
				"setprototypeof": {
					"version": "1.1.0",
					"resolved": "https://registry.npmjs.org/setprototypeof/-/setprototypeof-1.1.0.tgz",
					"integrity": "sha512-BvE/TwpZX4FXExxOxZyRGQQv651MSwmWKZGqvmPcRIjDqWub67kTKuIMx43cZZrS/cBBzwBcNDWoFxt2XEFIpQ=="
				}
			}
		},
		"finalhandler": {
			"version": "1.1.0",
			"resolved": "https://registry.npmjs.org/finalhandler/-/finalhandler-1.1.0.tgz",
			"integrity": "sha1-zgtoVbRYU+eRsvzGgARtiCU91/U=",
			"requires": {
				"debug": "2.6.9",
				"encodeurl": "1.0.1",
				"escape-html": "1.0.3",
				"on-finished": "2.3.0",
				"parseurl": "1.3.2",
				"statuses": "1.3.1",
				"unpipe": "1.0.0"
			}
		},
		"forwarded": {
			"version": "0.1.2",
			"resolved": "https://registry.npmjs.org/forwarded/-/forwarded-0.1.2.tgz",
			"integrity": "sha1-mMI9qxF1ZXuMBXPozszZGw/xjIQ="
		},
		"fresh": {
			"version": "0.5.2",
			"resolved": "https://registry.npmjs.org/fresh/-/fresh-0.5.2.tgz",
			"integrity": "sha1-PYyt2Q2XZWn6g1qx+OSyOhBWBac="
		},
		"fs.realpath": {
			"version": "1.0.0",
			"resolved": "https://registry.npmjs.org/fs.realpath/-/fs.realpath-1.0.0.tgz",
			"integrity": "sha1-FQStJSMVjKpA20onh8sBQRmU6k8="
		},
		"generic-pool": {
			"version": "3.1.8",
			"resolved": "https://registry.npmjs.org/generic-pool/-/generic-pool-3.1.8.tgz",
			"integrity": "sha1-CYRLZUW8kXfsIYvTXUrYlMZb4nE="
		},
		"get-func-name": {
			"version": "2.0.0",
			"resolved": "https://registry.npmjs.org/get-func-name/-/get-func-name-2.0.0.tgz",
			"integrity": "sha1-6td0q+5y4gQJQzoGY2YCPdaIekE="
		},
		"glob": {
			"version": "7.1.1",
			"resolved": "https://registry.npmjs.org/glob/-/glob-7.1.1.tgz",
			"integrity": "sha1-gFIR3wT6rxxjo2ADBs31reULLsg=",
			"requires": {
				"fs.realpath": "1.0.0",
				"inflight": "1.0.6",
				"inherits": "2.0.3",
				"minimatch": "3.0.4",
				"once": "1.4.0",
				"path-is-absolute": "1.0.1"
			}
		},
		"graceful-readlink": {
			"version": "1.0.1",
			"resolved": "https://registry.npmjs.org/graceful-readlink/-/graceful-readlink-1.0.1.tgz",
			"integrity": "sha1-TK+tdrxi8C+gObL5Tpo906ORpyU="
		},
		"growl": {
			"version": "1.9.2",
			"resolved": "https://registry.npmjs.org/growl/-/growl-1.9.2.tgz",
			"integrity": "sha1-Dqd0NxXbjY3ixe3hd14bRayFwC8="
		},
		"has-flag": {
			"version": "1.0.0",
			"resolved": "https://registry.npmjs.org/has-flag/-/has-flag-1.0.0.tgz",
			"integrity": "sha1-nZ55MWXOAXoA8AQYxD+UKnsdEfo="
		},
		"he": {
			"version": "1.1.1",
			"resolved": "https://registry.npmjs.org/he/-/he-1.1.1.tgz",
			"integrity": "sha1-k0EP0hsAlzUVH4howvJx80J+I/0="
		},
		"homedir-polyfill": {
			"version": "1.0.1",
			"resolved": "https://registry.npmjs.org/homedir-polyfill/-/homedir-polyfill-1.0.1.tgz",
			"integrity": "sha1-TCu8inWJmP7r9e1oWA921GdotLw=",
			"requires": {
				"parse-passwd": "1.0.0"
			}
		},
		"http-errors": {
			"version": "1.6.2",
			"resolved": "https://registry.npmjs.org/http-errors/-/http-errors-1.6.2.tgz",
			"integrity": "sha1-CgAsyFcHGSp+eUbO7cERVfYOxzY=",
			"requires": {
				"depd": "1.1.1",
				"inherits": "2.0.3",
				"setprototypeof": "1.0.3",
				"statuses": "1.3.1"
			}
		},
		"iconv-lite": {
			"version": "0.4.19",
			"resolved": "https://registry.npmjs.org/iconv-lite/-/iconv-lite-0.4.19.tgz",
			"integrity": "sha512-oTZqweIP51xaGPI4uPa56/Pri/480R+mo7SeU+YETByQNhDG55ycFyNLIgta9vXhILrxXDmF7ZGhqZIcuN0gJQ=="
		},
		"inflection": {
			"version": "1.12.0",
			"resolved": "https://registry.npmjs.org/inflection/-/inflection-1.12.0.tgz",
			"integrity": "sha1-ogCTVlbW9fa8TcdQLhrstwMihBY="
		},
		"inflight": {
			"version": "1.0.6",
			"resolved": "https://registry.npmjs.org/inflight/-/inflight-1.0.6.tgz",
			"integrity": "sha1-Sb1jMdfQLQwJvJEKEHW6gWW1bfk=",
			"requires": {
				"once": "1.4.0",
				"wrappy": "1.0.2"
			}
		},
		"inherits": {
			"version": "2.0.3",
			"resolved": "https://registry.npmjs.org/inherits/-/inherits-2.0.3.tgz",
			"integrity": "sha1-Yzwsg+PaQqUC9SRmAiSA9CCCYd4="
		},
		"ipaddr.js": {
			"version": "1.5.2",
			"resolved": "https://registry.npmjs.org/ipaddr.js/-/ipaddr.js-1.5.2.tgz",
			"integrity": "sha1-1LUFvemUaYfM8PxY2QEP+WB+P6A="
		},
		"is-arrayish": {
			"version": "0.2.1",
			"resolved": "https://registry.npmjs.org/is-arrayish/-/is-arrayish-0.2.1.tgz",
			"integrity": "sha1-d8mYQFJ6qOyxqLppe4BkWnqSap0="
		},
		"is-bluebird": {
			"version": "1.0.2",
			"resolved": "https://registry.npmjs.org/is-bluebird/-/is-bluebird-1.0.2.tgz",
			"integrity": "sha1-CWQ5Bg9KpBGr7hkUOoTWpVNG1uI="
		},
		"is-utf8": {
			"version": "0.2.1",
			"resolved": "https://registry.npmjs.org/is-utf8/-/is-utf8-0.2.1.tgz",
			"integrity": "sha1-Sw2hRCEE0bM2NA6AeX6GXPOffXI="
		},
		"js-string-escape": {
			"version": "1.0.1",
			"resolved": "https://registry.npmjs.org/js-string-escape/-/js-string-escape-1.0.1.tgz",
			"integrity": "sha1-4mJbrbwNZ8dTPp7cEGjFh65BN+8="
		},
		"json3": {
			"version": "3.3.2",
			"resolved": "https://registry.npmjs.org/json3/-/json3-3.3.2.tgz",
			"integrity": "sha1-PAQ0dD35Pi9cQq7nsZvLSDV19OE="
		},
		"lodash": {
			"version": "4.17.4",
			"resolved": "https://registry.npmjs.org/lodash/-/lodash-4.17.4.tgz",
			"integrity": "sha1-eCA6TRwyiuHYbcpkYONptX9AVa4="
		},
		"lodash._baseassign": {
			"version": "3.2.0",
			"resolved": "https://registry.npmjs.org/lodash._baseassign/-/lodash._baseassign-3.2.0.tgz",
			"integrity": "sha1-jDigmVAPIVrQnlnxci/QxSv+Ck4=",
			"requires": {
				"lodash._basecopy": "3.0.1",
				"lodash.keys": "3.1.2"
			}
		},
		"lodash._basecopy": {
			"version": "3.0.1",
			"resolved": "https://registry.npmjs.org/lodash._basecopy/-/lodash._basecopy-3.0.1.tgz",
			"integrity": "sha1-jaDmqHbPNEwK2KVIghEd08XHyjY="
		},
		"lodash._basecreate": {
			"version": "3.0.3",
			"resolved": "https://registry.npmjs.org/lodash._basecreate/-/lodash._basecreate-3.0.3.tgz",
			"integrity": "sha1-G8ZhYU2qf8MRt9A78WgGoCE8+CE="
		},
		"lodash._getnative": {
			"version": "3.9.1",
			"resolved": "https://registry.npmjs.org/lodash._getnative/-/lodash._getnative-3.9.1.tgz",
			"integrity": "sha1-VwvH3t5G1hzc3mh9ZdPuy6o6r/U="
		},
		"lodash._isiterateecall": {
			"version": "3.0.9",
			"resolved": "https://registry.npmjs.org/lodash._isiterateecall/-/lodash._isiterateecall-3.0.9.tgz",
			"integrity": "sha1-UgOte6Ql+uhCRg5pbbnPPmqsBXw="
		},
		"lodash.create": {
			"version": "3.1.1",
			"resolved": "https://registry.npmjs.org/lodash.create/-/lodash.create-3.1.1.tgz",
			"integrity": "sha1-1/KEnw29p+BGgruM1yqwIkYd6+c=",
			"requires": {
				"lodash._baseassign": "3.2.0",
				"lodash._basecreate": "3.0.3",
				"lodash._isiterateecall": "3.0.9"
			}
		},
		"lodash.isarguments": {
			"version": "3.1.0",
			"resolved": "https://registry.npmjs.org/lodash.isarguments/-/lodash.isarguments-3.1.0.tgz",
			"integrity": "sha1-L1c9hcaiQon/AGY7SRwdM4/zRYo="
		},
		"lodash.isarray": {
			"version": "3.0.4",
			"resolved": "https://registry.npmjs.org/lodash.isarray/-/lodash.isarray-3.0.4.tgz",
			"integrity": "sha1-eeTriMNqgSKvhvhEqpvNhRtfu1U="
		},
		"lodash.keys": {
			"version": "3.1.2",
			"resolved": "https://registry.npmjs.org/lodash.keys/-/lodash.keys-3.1.2.tgz",
			"integrity": "sha1-TbwEcrFWvlCgsoaFXRvQsMZWCYo=",
			"requires": {
				"lodash._getnative": "3.9.1",
				"lodash.isarguments": "3.1.0",
				"lodash.isarray": "3.0.4"
			}
		},
		"make-error": {
			"version": "1.3.0",
			"resolved": "https://registry.npmjs.org/make-error/-/make-error-1.3.0.tgz",
			"integrity": "sha1-Uq06M5zPEM5itAQLcI/nByRLi5Y="
		},
		"media-typer": {
			"version": "0.3.0",
			"resolved": "https://registry.npmjs.org/media-typer/-/media-typer-0.3.0.tgz",
			"integrity": "sha1-hxDXrwqmJvj/+hzgAWhUUmMlV0g="
		},
		"merge-descriptors": {
			"version": "1.0.1",
			"resolved": "https://registry.npmjs.org/merge-descriptors/-/merge-descriptors-1.0.1.tgz",
			"integrity": "sha1-sAqqVW3YtEVoFQ7J0blT8/kMu2E="
		},
		"methods": {
			"version": "1.1.2",
			"resolved": "https://registry.npmjs.org/methods/-/methods-1.1.2.tgz",
			"integrity": "sha1-VSmk1nZUE07cxSZmVoNbD4Ua/O4="
		},
		"mime": {
			"version": "1.4.1",
			"resolved": "https://registry.npmjs.org/mime/-/mime-1.4.1.tgz",
			"integrity": "sha512-KI1+qOZu5DcW6wayYHSzR/tXKCDC5Om4s1z2QJjDULzLcmf3DvzS7oluY4HCTrc+9FiKmWUgeNLg7W3uIQvxtQ=="
		},
		"mime-db": {
			"version": "1.30.0",
			"resolved": "https://registry.npmjs.org/mime-db/-/mime-db-1.30.0.tgz",
			"integrity": "sha1-dMZD2i3Z1qRTmZY0ZbJtXKfXHwE="
		},
		"mime-types": {
			"version": "2.1.17",
			"resolved": "https://registry.npmjs.org/mime-types/-/mime-types-2.1.17.tgz",
			"integrity": "sha1-Cdejk/A+mVp5+K+Fe3Cp4KsWVXo=",
			"requires": {
				"mime-db": "1.30.0"
			}
		},
		"minimatch": {
			"version": "3.0.4",
			"resolved": "https://registry.npmjs.org/minimatch/-/minimatch-3.0.4.tgz",
			"integrity": "sha512-yJHVQEhyqPLUTgt9B83PXu6W3rx4MvvHvSUvToogpwoGDOUQ+yDrR0HRot+yOCdCO7u4hX3pWft6kWBBcqh0UA==",
			"requires": {
				"brace-expansion": "1.1.8"
			}
		},
		"minimist": {
			"version": "0.0.8",
			"resolved": "https://registry.npmjs.org/minimist/-/minimist-0.0.8.tgz",
			"integrity": "sha1-hX/Kv8M5fSYluCKCYuhqp6ARsF0="
		},
		"mkdirp": {
			"version": "0.5.1",
			"resolved": "https://registry.npmjs.org/mkdirp/-/mkdirp-0.5.1.tgz",
			"integrity": "sha1-MAV0OOrGz3+MR2fzhkjWaX11yQM=",
			"requires": {
				"minimist": "0.0.8"
			}
		},
		"mocha": {
			"version": "3.5.3",
			"resolved": "https://registry.npmjs.org/mocha/-/mocha-3.5.3.tgz",
			"integrity": "sha512-/6na001MJWEtYxHOV1WLfsmR4YIynkUEhBwzsb+fk2qmQ3iqsi258l/Q2MWHJMImAcNpZ8DEdYAK72NHoIQ9Eg==",
			"requires": {
				"browser-stdout": "1.3.0",
				"commander": "2.9.0",
				"debug": "2.6.8",
				"diff": "3.2.0",
				"escape-string-regexp": "1.0.5",
				"glob": "7.1.1",
				"growl": "1.9.2",
				"he": "1.1.1",
				"json3": "3.3.2",
				"lodash.create": "3.1.1",
				"mkdirp": "0.5.1",
				"supports-color": "3.1.2"
			},
			"dependencies": {
				"debug": {
					"version": "2.6.8",
					"resolved": "https://registry.npmjs.org/debug/-/debug-2.6.8.tgz",
					"integrity": "sha1-5zFTHKLt4n0YgiJCfaF4IdaP9Pw=",
					"requires": {
						"ms": "2.0.0"
					}
				}
			}
		},
		"moment": {
			"version": "2.19.1",
			"resolved": "https://registry.npmjs.org/moment/-/moment-2.19.1.tgz",
			"integrity": "sha1-VtoaLRy/AdOLfhr8McELz6GSkWc="
		},
		"moment-timezone": {
			"version": "0.5.13",
			"resolved": "https://registry.npmjs.org/moment-timezone/-/moment-timezone-0.5.13.tgz",
			"integrity": "sha1-mc5cfYJyYusPH3AgRBd/YHRde5A=",
			"requires": {
				"moment": "2.19.1"
			}
		},
		"ms": {
			"version": "2.0.0",
			"resolved": "https://registry.npmjs.org/ms/-/ms-2.0.0.tgz",
			"integrity": "sha1-VgiurfwAvmwpAd9fmGF4jeDVl8g="
		},
		"negotiator": {
			"version": "0.6.1",
			"resolved": "https://registry.npmjs.org/negotiator/-/negotiator-0.6.1.tgz",
			"integrity": "sha1-KzJxhOiZIQEXeyhWP7XnECrNDKk="
		},
		"on-finished": {
			"version": "2.3.0",
			"resolved": "https://registry.npmjs.org/on-finished/-/on-finished-2.3.0.tgz",
			"integrity": "sha1-IPEzZIGwg811M3mSoWlxqi2QaUc=",
			"requires": {
				"ee-first": "1.1.1"
			}
		},
		"once": {
			"version": "1.4.0",
			"resolved": "https://registry.npmjs.org/once/-/once-1.4.0.tgz",
			"integrity": "sha1-WDsap3WWHUsROsF9nFC6753Xa9E=",
			"requires": {
				"wrappy": "1.0.2"
			}
		},
		"packet-reader": {
			"version": "0.3.1",
			"resolved": "https://registry.npmjs.org/packet-reader/-/packet-reader-0.3.1.tgz",
			"integrity": "sha1-zWLmCvjX/qinBexP+ZCHHEaHHyc="
		},
		"parse-json": {
			"version": "2.2.0",
			"resolved": "https://registry.npmjs.org/parse-json/-/parse-json-2.2.0.tgz",
			"integrity": "sha1-9ID0BDTvgHQfhGkJn43qGPVaTck=",
			"requires": {
				"error-ex": "1.3.1"
			}
		},
		"parse-passwd": {
			"version": "1.0.0",
			"resolved": "https://registry.npmjs.org/parse-passwd/-/parse-passwd-1.0.0.tgz",
			"integrity": "sha1-bVuTSkVpk7I9N/QKOC1vFmao5cY="
		},
		"parseurl": {
			"version": "1.3.2",
			"resolved": "https://registry.npmjs.org/parseurl/-/parseurl-1.3.2.tgz",
			"integrity": "sha1-/CidTtiZMRlGDBViUyYs3I3mW/M="
		},
		"path-is-absolute": {
			"version": "1.0.1",
			"resolved": "https://registry.npmjs.org/path-is-absolute/-/path-is-absolute-1.0.1.tgz",
			"integrity": "sha1-F0uSaHNVNP+8es5r9TpanhtcX18="
		},
		"path-to-regexp": {
			"version": "0.1.7",
			"resolved": "https://registry.npmjs.org/path-to-regexp/-/path-to-regexp-0.1.7.tgz",
			"integrity": "sha1-32BBeABfUi8V60SQ5yR6G/qmf4w="
		},
		"pathval": {
			"version": "1.1.0",
			"resolved": "https://registry.npmjs.org/pathval/-/pathval-1.1.0.tgz",
			"integrity": "sha1-uULm1L3mUwBe9rcTYd74cn0GReA="
		},
		"pg": {
			"version": "7.3.0",
			"resolved": "https://registry.npmjs.org/pg/-/pg-7.3.0.tgz",
			"integrity": "sha1-J14nRm5UpkX2tKFvasrfa4Sa2Ds=",
			"requires": {
				"buffer-writer": "1.0.1",
				"js-string-escape": "1.0.1",
				"packet-reader": "0.3.1",
				"pg-connection-string": "0.1.3",
				"pg-pool": "2.0.3",
				"pg-types": "1.12.1",
				"pgpass": "1.0.2",
				"semver": "4.3.2"
			}
		},
		"pg-connection-string": {
			"version": "0.1.3",
			"resolved": "https://registry.npmjs.org/pg-connection-string/-/pg-connection-string-0.1.3.tgz",
			"integrity": "sha1-2hhHsglA5C7hSSvq9l1J2RskXfc="
		},
		"pg-hstore": {
			"version": "2.3.2",
			"resolved": "https://registry.npmjs.org/pg-hstore/-/pg-hstore-2.3.2.tgz",
			"integrity": "sha1-9+8FPnubiSrphq8vfL6GQy388k8=",
			"requires": {
				"underscore": "1.8.3"
			}
		},
		"pg-pool": {
			"version": "2.0.3",
			"resolved": "https://registry.npmjs.org/pg-pool/-/pg-pool-2.0.3.tgz",
			"integrity": "sha1-wCIDLIlJ8xKk+R+2QJzgQHa+Mlc="
		},
		"pg-types": {
			"version": "1.12.1",
			"resolved": "https://registry.npmjs.org/pg-types/-/pg-types-1.12.1.tgz",
			"integrity": "sha1-1kCH45A7WP+q0nnnWVxSIIoUw9I=",
			"requires": {
				"postgres-array": "1.0.2",
				"postgres-bytea": "1.0.0",
				"postgres-date": "1.0.3",
				"postgres-interval": "1.1.1"
			}
		},
		"pgpass": {
			"version": "1.0.2",
			"resolved": "https://registry.npmjs.org/pgpass/-/pgpass-1.0.2.tgz",
			"integrity": "sha1-Knu0G2BltnkH6R2hsHwYR8h3swY=",
			"requires": {
				"split": "1.0.1"
			}
		},
		"postgres-array": {
			"version": "1.0.2",
			"resolved": "https://registry.npmjs.org/postgres-array/-/postgres-array-1.0.2.tgz",
			"integrity": "sha1-jgsy6wO/d6XAp4UeBEHBaaJWojg="
		},
		"postgres-bytea": {
			"version": "1.0.0",
			"resolved": "https://registry.npmjs.org/postgres-bytea/-/postgres-bytea-1.0.0.tgz",
			"integrity": "sha1-AntTPAqokOJtFy1Hz5zOzFIazTU="
		},
		"postgres-date": {
			"version": "1.0.3",
			"resolved": "https://registry.npmjs.org/postgres-date/-/postgres-date-1.0.3.tgz",
			"integrity": "sha1-4tiXAu/bJY/52c7g/pG9BpdSV6g="
		},
		"postgres-interval": {
			"version": "1.1.1",
			"resolved": "https://registry.npmjs.org/postgres-interval/-/postgres-interval-1.1.1.tgz",
			"integrity": "sha512-OkuCi9t/3CZmeQreutGgx/OVNv9MKHGIT5jH8KldQ4NLYXkvmT9nDVxEuCENlNwhlGPE374oA/xMqn05G49pHA==",
			"requires": {
				"xtend": "4.0.1"
			}
		},
		"proxy-addr": {
			"version": "2.0.2",
			"resolved": "https://registry.npmjs.org/proxy-addr/-/proxy-addr-2.0.2.tgz",
			"integrity": "sha1-ZXFQT0e7mI7IGAJT+F3X4UlSvew=",
			"requires": {
				"forwarded": "0.1.2",
				"ipaddr.js": "1.5.2"
			}
		},
		"qs": {
			"version": "6.5.1",
			"resolved": "https://registry.npmjs.org/qs/-/qs-6.5.1.tgz",
			"integrity": "sha512-eRzhrN1WSINYCDCbrz796z37LOe3m5tmW7RQf6oBntukAG1nmovJvhnwHHRMAfeoItc1m2Hk02WER2aQ/iqs+A=="
		},
		"range-parser": {
			"version": "1.2.0",
			"resolved": "https://registry.npmjs.org/range-parser/-/range-parser-1.2.0.tgz",
			"integrity": "sha1-9JvmtIeJTdxA3MlKMi9hEJLgDV4="
		},
		"raw-body": {
			"version": "2.3.2",
			"resolved": "https://registry.npmjs.org/raw-body/-/raw-body-2.3.2.tgz",
			"integrity": "sha1-vNYMd9Prk83gBQKVw/N5OJvIj4k=",
			"requires": {
				"bytes": "3.0.0",
				"http-errors": "1.6.2",
				"iconv-lite": "0.4.19",
				"unpipe": "1.0.0"
			}
		},
		"retry-as-promised": {
			"version": "2.3.1",
			"resolved": "https://registry.npmjs.org/retry-as-promised/-/retry-as-promised-2.3.1.tgz",
			"integrity": "sha1-91BZGD+XMHccCbrR7tV1N5McvJ0=",
			"requires": {
				"bluebird": "3.5.1",
				"debug": "2.6.9"
			}
		},
		"safe-buffer": {
			"version": "5.1.1",
			"resolved": "https://registry.npmjs.org/safe-buffer/-/safe-buffer-5.1.1.tgz",
			"integrity": "sha512-kKvNJn6Mm93gAczWVJg7wH+wGYWNrDHdWvpUmHyEsgCtIwwo3bqPtV4tR5tuPaUhTOo/kvhVwd8XwwOllGYkbg=="
		},
		"semver": {
			"version": "4.3.2",
			"resolved": "https://registry.npmjs.org/semver/-/semver-4.3.2.tgz",
			"integrity": "sha1-x6BxWKgL7dBSNVt3DYLWZA+AO+c="
		},
		"send": {
			"version": "0.16.1",
			"resolved": "https://registry.npmjs.org/send/-/send-0.16.1.tgz",
			"integrity": "sha512-ElCLJdJIKPk6ux/Hocwhk7NFHpI3pVm/IZOYWqUmoxcgeyM+MpxHHKhb8QmlJDX1pU6WrgaHBkVNm73Sv7uc2A==",
			"requires": {
				"debug": "2.6.9",
				"depd": "1.1.1",
				"destroy": "1.0.4",
				"encodeurl": "1.0.1",
				"escape-html": "1.0.3",
				"etag": "1.8.1",
				"fresh": "0.5.2",
				"http-errors": "1.6.2",
				"mime": "1.4.1",
				"ms": "2.0.0",
				"on-finished": "2.3.0",
				"range-parser": "1.2.0",
				"statuses": "1.3.1"
			}
		},
		"sequelize": {
			"version": "4.13.10",
			"resolved": "https://registry.npmjs.org/sequelize/-/sequelize-4.13.10.tgz",
			"integrity": "sha512-eYaAsQRZD46XXAIFgWlkDtTq8e8ObVIEC6HcidRWUaGA2CKKfi5TgLP9IYDvZuyHfgbBF3DI2T2Jlb+w7HwyeQ==",
			"requires": {
				"bluebird": "3.5.1",
				"cls-bluebird": "2.0.1",
				"debug": "3.1.0",
				"depd": "1.1.1",
				"dottie": "2.0.0",
				"generic-pool": "3.1.8",
				"inflection": "1.12.0",
				"lodash": "4.17.4",
				"moment": "2.19.1",
				"moment-timezone": "0.5.13",
				"retry-as-promised": "2.3.1",
				"semver": "5.4.1",
				"terraformer-wkt-parser": "1.1.2",
				"toposort-class": "1.0.1",
				"uuid": "3.1.0",
				"validator": "8.2.0",
				"wkx": "0.4.2"
			},
			"dependencies": {
				"debug": {
					"version": "3.1.0",
					"resolved": "https://registry.npmjs.org/debug/-/debug-3.1.0.tgz",
					"integrity": "sha512-OX8XqP7/1a9cqkxYw2yXss15f26NKWBpDXQd0/uK/KPqdQhxbPa994hnzjcE2VqQpDslf55723cKPUOGSmMY3g==",
					"requires": {
						"ms": "2.0.0"
					}
				},
				"semver": {
					"version": "5.4.1",
					"resolved": "https://registry.npmjs.org/semver/-/semver-5.4.1.tgz",
					"integrity": "sha512-WfG/X9+oATh81XtllIo/I8gOiY9EXRdv1cQdyykeXK17YcUW3EXUAi2To4pcH6nZtJPr7ZOpM5OMyWJZm+8Rsg=="
				}
			}
		},
		"serve-static": {
			"version": "1.13.1",
			"resolved": "https://registry.npmjs.org/serve-static/-/serve-static-1.13.1.tgz",
			"integrity": "sha512-hSMUZrsPa/I09VYFJwa627JJkNs0NrfL1Uzuup+GqHfToR2KcsXFymXSV90hoyw3M+msjFuQly+YzIH/q0MGlQ==",
			"requires": {
				"encodeurl": "1.0.1",
				"escape-html": "1.0.3",
				"parseurl": "1.3.2",
				"send": "0.16.1"
			}
		},
		"setprototypeof": {
			"version": "1.0.3",
			"resolved": "https://registry.npmjs.org/setprototypeof/-/setprototypeof-1.0.3.tgz",
			"integrity": "sha1-ZlZ+NwQ+608E2RvWWMDL77VbjgQ="
		},
		"shimmer": {
			"version": "1.1.0",
			"resolved": "https://registry.npmjs.org/shimmer/-/shimmer-1.1.0.tgz",
			"integrity": "sha1-l9c3cTf/u6tCVSLkKf4KqJpIizU="
		},
		"source-map": {
			"version": "0.5.7",
			"resolved": "https://registry.npmjs.org/source-map/-/source-map-0.5.7.tgz",
			"integrity": "sha1-igOdLRAh0i0eoUyA2OpGi6LvP8w="
		},
		"source-map-support": {
			"version": "0.4.18",
			"resolved": "https://registry.npmjs.org/source-map-support/-/source-map-support-0.4.18.tgz",
			"integrity": "sha512-try0/JqxPLF9nOjvSta7tVondkP5dwgyLDjVoyMDlmjugT2lRZ1OfsrYTkCd2hkDnJTKRbO/Rl3orm8vlsUzbA==",
			"requires": {
				"source-map": "0.5.7"
			}
		},
		"split": {
			"version": "1.0.1",
			"resolved": "https://registry.npmjs.org/split/-/split-1.0.1.tgz",
			"integrity": "sha512-mTyOoPbrivtXnwnIxZRFYRrPNtEFKlpB2fvjSnCQUiAA6qAZzqwna5envK4uk6OIeP17CsdF3rSBGYVBsU0Tkg==",
			"requires": {
				"through": "2.3.8"
			}
		},
		"statuses": {
			"version": "1.3.1",
			"resolved": "https://registry.npmjs.org/statuses/-/statuses-1.3.1.tgz",
			"integrity": "sha1-+vUbnrdKrvOzrPStX2Gr8ky3uT4="
		},
		"strip-bom": {
			"version": "3.0.0",
			"resolved": "https://registry.npmjs.org/strip-bom/-/strip-bom-3.0.0.tgz",
			"integrity": "sha1-IzTBjpx1n3vdVv3vfprj1YjmjtM="
		},
		"strip-json-comments": {
			"version": "2.0.1",
			"resolved": "https://registry.npmjs.org/strip-json-comments/-/strip-json-comments-2.0.1.tgz",
			"integrity": "sha1-PFMZQukIwml8DsNEhYwobHygpgo="
		},
		"supports-color": {
			"version": "3.1.2",
			"resolved": "https://registry.npmjs.org/supports-color/-/supports-color-3.1.2.tgz",
			"integrity": "sha1-cqJiiU2dQIuVbKBf83su2KbiotU=",
			"requires": {
				"has-flag": "1.0.0"
			}
		},
		"terraformer": {
			"version": "1.0.8",
			"resolved": "https://registry.npmjs.org/terraformer/-/terraformer-1.0.8.tgz",
			"integrity": "sha1-UeCtiXRvzyFh3G9lqnDkI3fItZM=",
			"requires": {
				"@types/geojson": "1.0.5"
			}
		},
		"terraformer-wkt-parser": {
			"version": "1.1.2",
			"resolved": "https://registry.npmjs.org/terraformer-wkt-parser/-/terraformer-wkt-parser-1.1.2.tgz",
			"integrity": "sha1-M2oMj8gglKWv+DKI9prt7NNpvww=",
			"requires": {
				"terraformer": "1.0.8"
			}
		},
		"through": {
			"version": "2.3.8",
			"resolved": "https://registry.npmjs.org/through/-/through-2.3.8.tgz",
			"integrity": "sha1-DdTJ/6q8NXlgsbckEV1+Doai4fU="
		},
		"toposort-class": {
			"version": "1.0.1",
			"resolved": "https://registry.npmjs.org/toposort-class/-/toposort-class-1.0.1.tgz",
			"integrity": "sha1-f/0feMi+KMO6Rc1OGj9e4ZO9mYg="
		},
		"ts-node": {
			"version": "3.3.0",
			"resolved": "https://registry.npmjs.org/ts-node/-/ts-node-3.3.0.tgz",
			"integrity": "sha1-wTxqMCTjC+EYDdUwOPwgkonUv2k=",
			"requires": {
				"arrify": "1.0.1",
				"chalk": "2.1.0",
				"diff": "3.2.0",
				"make-error": "1.3.0",
				"minimist": "1.2.0",
				"mkdirp": "0.5.1",
				"source-map-support": "0.4.18",
				"tsconfig": "6.0.0",
				"v8flags": "3.0.1",
				"yn": "2.0.0"
			},
			"dependencies": {
				"minimist": {
					"version": "1.2.0",
					"resolved": "https://registry.npmjs.org/minimist/-/minimist-1.2.0.tgz",
					"integrity": "sha1-o1AIsg9BOD7sH7kU9M1d95omQoQ="
				}
			}
		},
		"tsconfig": {
			"version": "6.0.0",
			"resolved": "https://registry.npmjs.org/tsconfig/-/tsconfig-6.0.0.tgz",
			"integrity": "sha1-aw6DdgA9evGGT434+J3QBZ/80DI=",
			"requires": {
				"strip-bom": "3.0.0",
				"strip-json-comments": "2.0.1"
			}
		},
		"tsconfig-paths": {
			"version": "2.3.0",
			"resolved": "https://registry.npmjs.org/tsconfig-paths/-/tsconfig-paths-2.3.0.tgz",
			"integrity": "sha512-YRahNqogNr4Oh0qVZ7SICry+4KCeGgeDc6YuIfLYblXIQE/XWtnL1QahX681YtwisjUpePEbxfrBKTGRCNsKNw==",
			"requires": {
				"tsconfig": "5.0.3"
			},
			"dependencies": {
				"strip-bom": {
					"version": "2.0.0",
					"resolved": "https://registry.npmjs.org/strip-bom/-/strip-bom-2.0.0.tgz",
					"integrity": "sha1-YhmoVhZSBJHzV4i9vxRHqZx+aw4=",
					"requires": {
						"is-utf8": "0.2.1"
					}
				},
				"tsconfig": {
					"version": "5.0.3",
					"resolved": "https://registry.npmjs.org/tsconfig/-/tsconfig-5.0.3.tgz",
					"integrity": "sha1-X0J45wGACWeo/Dg/0ZZIh48qbjo=",
					"requires": {
						"any-promise": "1.3.0",
						"parse-json": "2.2.0",
						"strip-bom": "2.0.0",
						"strip-json-comments": "2.0.1"
					}
				}
			}
		},
		"type-detect": {
			"version": "4.0.3",
			"resolved": "https://registry.npmjs.org/type-detect/-/type-detect-4.0.3.tgz",
			"integrity": "sha1-Dj8mcLRAmbC0bChNE2p+9Jx0wuo="
		},
		"type-is": {
			"version": "1.6.15",
			"resolved": "https://registry.npmjs.org/type-is/-/type-is-1.6.15.tgz",
			"integrity": "sha1-yrEPtJCeRByChC6v4a1kbIGARBA=",
			"requires": {
				"media-typer": "0.3.0",
				"mime-types": "2.1.17"
			}
		},
		"typescript": {
			"version": "2.5.3",
			"resolved": "https://registry.npmjs.org/typescript/-/typescript-2.5.3.tgz",
			"integrity": "sha512-ptLSQs2S4QuS6/OD1eAKG+S5G8QQtrU5RT32JULdZQtM1L3WTi34Wsu48Yndzi8xsObRAB9RPt/KhA9wlpEF6w=="
		},
		"underscore": {
			"version": "1.8.3",
			"resolved": "https://registry.npmjs.org/underscore/-/underscore-1.8.3.tgz",
			"integrity": "sha1-Tz+1OxBuYJf8+ctBCfKl6b36UCI="
		},
		"unpipe": {
			"version": "1.0.0",
			"resolved": "https://registry.npmjs.org/unpipe/-/unpipe-1.0.0.tgz",
			"integrity": "sha1-sr9O6FFKrmFltIF4KdIbLvSZBOw="
		},
		"utils-merge": {
			"version": "1.0.1",
			"resolved": "https://registry.npmjs.org/utils-merge/-/utils-merge-1.0.1.tgz",
			"integrity": "sha1-n5VxD1CiZ5R7LMwSR0HBAoQn5xM="
		},
		"uuid": {
			"version": "3.1.0",
			"resolved": "https://registry.npmjs.org/uuid/-/uuid-3.1.0.tgz",
			"integrity": "sha512-DIWtzUkw04M4k3bf1IcpS2tngXEL26YUD2M0tMDUpnUrz2hgzUBlD55a4FjdLGPvfHxS6uluGWvaVEqgBcVa+g=="
		},
		"v8flags": {
			"version": "3.0.1",
			"resolved": "https://registry.npmjs.org/v8flags/-/v8flags-3.0.1.tgz",
			"integrity": "sha1-3Oj8N5wX2fLJ6e142JzgAFKxt2s=",
			"requires": {
				"homedir-polyfill": "1.0.1"
			}
		},
		"validator": {
			"version": "8.2.0",
			"resolved": "https://registry.npmjs.org/validator/-/validator-8.2.0.tgz",
			"integrity": "sha512-Yw5wW34fSv5spzTXNkokD6S6/Oq92d8q/t14TqsS3fAiA1RYnxSFSIZ+CY3n6PGGRCq5HhJTSepQvFUS2QUDxA=="
		},
		"vary": {
			"version": "1.1.2",
			"resolved": "https://registry.npmjs.org/vary/-/vary-1.1.2.tgz",
			"integrity": "sha1-IpnwLG3tMNSllhsLn3RSShj2NPw="
		},
		"wkx": {
			"version": "0.4.2",
			"resolved": "https://registry.npmjs.org/wkx/-/wkx-0.4.2.tgz",
			"integrity": "sha1-d201pjSlwi5lbkdEvetU+D/Szo0=",
			"requires": {
				"@types/node": "8.0.34"
			}
		},
		"wrappy": {
			"version": "1.0.2",
			"resolved": "https://registry.npmjs.org/wrappy/-/wrappy-1.0.2.tgz",
			"integrity": "sha1-tSQ9jz7BqjXxNkYFvA0QNuMKtp8="
		},
		"xtend": {
			"version": "4.0.1",
			"resolved": "https://registry.npmjs.org/xtend/-/xtend-4.0.1.tgz",
			"integrity": "sha1-pcbVMr5lbiPbgg77lDofBJmNY68="
		},
		"yn": {
			"version": "2.0.0",
			"resolved": "https://registry.npmjs.org/yn/-/yn-2.0.0.tgz",
			"integrity": "sha1-5a2ryKz0CPY4X8dklWhMiOavaJo="
		}
	}
}
