{
	"requires": true,
	"lockfileVersion": 1,
	"dependencies": {
		"@types/chai": {
			"version": "4.1.4",
			"resolved": "https://registry.npmjs.org/@types/chai/-/chai-4.1.4.tgz",
			"integrity": "sha512-h6+VEw2Vr3ORiFCyyJmcho2zALnUq9cvdB/IO8Xs9itrJVCenC7o26A6+m7D0ihTTr65eS259H5/Ghl/VjYs6g=="
		},
		"@types/mocha": {
			"version": "2.2.48",
			"resolved": "https://registry.npmjs.org/@types/mocha/-/mocha-2.2.48.tgz",
			"integrity": "sha512-nlK/iyETgafGli8Zh9zJVCTicvU3iajSkRwOh3Hhiva598CMqNJ4NcVCGMTGKpGpTYj/9R8RLzS9NAykSSCqGw=="
		},
		"@types/node": {
			"version": "10.3.3",
			"resolved": "https://registry.npmjs.org/@types/node/-/node-10.3.3.tgz",
			"integrity": "sha512-/gwCgiI2e9RzzZTKbl+am3vgNqOt7a9fJ/uxv4SqYKxenoEDNVU3KZEadlpusWhQI0A0dOrZ0T68JYKVjzmgdQ=="
		},
		"ajv": {
			"version": "5.5.2",
			"resolved": "https://registry.npmjs.org/ajv/-/ajv-5.5.2.tgz",
			"integrity": "sha1-c7Xuyj+rZT49P5Qis0GtQiBdyWU=",
			"requires": {
				"co": "^4.6.0",
				"fast-deep-equal": "^1.0.0",
				"fast-json-stable-stringify": "^2.0.0",
				"json-schema-traverse": "^0.3.0"
			}
		},
		"ansi-styles": {
			"version": "3.2.1",
			"resolved": "https://registry.npmjs.org/ansi-styles/-/ansi-styles-3.2.1.tgz",
			"integrity": "sha512-VT0ZI6kZRdTh8YyJw3SMbYm/u+NqfsAxEpWO0Pf9sq8/e94WxxOpPKx9FR1FlyCtOVDNOQ+8ntlqFxiRc+r5qA==",
			"requires": {
				"color-convert": "^1.9.0"
			}
		},
		"arrify": {
			"version": "1.0.1",
			"resolved": "https://registry.npmjs.org/arrify/-/arrify-1.0.1.tgz",
			"integrity": "sha1-iYUI2iIm84DfkEcoRWhJwVAaSw0="
		},
		"assertion-error": {
			"version": "1.1.0",
			"resolved": "https://registry.npmjs.org/assertion-error/-/assertion-error-1.1.0.tgz",
			"integrity": "sha512-jgsaNduz+ndvGyFt3uSuWqvy4lCnIJiovtouQN5JZHOKCS2QuhEdbcQHFhVksz2N2U9hXJo8odG7ETyWlEeuDw=="
		},
		"balanced-match": {
			"version": "1.0.0",
			"resolved": "https://registry.npmjs.org/balanced-match/-/balanced-match-1.0.0.tgz",
			"integrity": "sha1-ibTRmasr7kneFk6gK4nORi1xt2c="
		},
		"brace-expansion": {
			"version": "1.1.11",
			"resolved": "https://registry.npmjs.org/brace-expansion/-/brace-expansion-1.1.11.tgz",
			"integrity": "sha512-iCuPHDFgrHX7H2vEI/5xpz07zSHB00TpugqhmYtVmMO6518mCuRMoOYFldEBl0g187ufozdaHgWKcYFb61qGiA==",
			"requires": {
				"balanced-match": "^1.0.0",
				"concat-map": "0.0.1"
			}
		},
		"browser-stdout": {
			"version": "1.3.0",
			"resolved": "https://registry.npmjs.org/browser-stdout/-/browser-stdout-1.3.0.tgz",
			"integrity": "sha1-81HTKWnTL6XXpVZxVCY9korjvR8="
		},
		"chai": {
			"version": "4.1.2",
			"resolved": "https://registry.npmjs.org/chai/-/chai-4.1.2.tgz",
			"integrity": "sha1-D2RYS6ZC8PKs4oBiefTwbKI61zw=",
			"requires": {
				"assertion-error": "^1.0.1",
				"check-error": "^1.0.1",
				"deep-eql": "^3.0.0",
				"get-func-name": "^2.0.0",
				"pathval": "^1.0.0",
				"type-detect": "^4.0.0"
			}
		},
		"chalk": {
			"version": "2.4.1",
			"resolved": "https://registry.npmjs.org/chalk/-/chalk-2.4.1.tgz",
			"integrity": "sha512-ObN6h1v2fTJSmUXoS3nMQ92LbDK9be4TV+6G+omQlGJFdcUX5heKi1LZ1YnRMIgwTLEj3E24bT6tYni50rlCfQ==",
			"requires": {
				"ansi-styles": "^3.2.1",
				"escape-string-regexp": "^1.0.5",
				"supports-color": "^5.3.0"
			},
			"dependencies": {
				"has-flag": {
					"version": "3.0.0",
					"resolved": "https://registry.npmjs.org/has-flag/-/has-flag-3.0.0.tgz",
					"integrity": "sha1-tdRU3CGZriJWmfNGfloH87lVuv0="
				},
				"supports-color": {
					"version": "5.4.0",
					"resolved": "https://registry.npmjs.org/supports-color/-/supports-color-5.4.0.tgz",
					"integrity": "sha512-zjaXglF5nnWpsq470jSv6P9DwPvgLkuapYmfDm3JWOm0vkNTVF2tI4UrN2r6jH1qM/uc/WtxYY1hYoA2dOKj5w==",
					"requires": {
						"has-flag": "^3.0.0"
					}
				}
			}
		},
		"check-error": {
			"version": "1.0.2",
			"resolved": "https://registry.npmjs.org/check-error/-/check-error-1.0.2.tgz",
			"integrity": "sha1-V00xLt2Iu13YkS6Sht1sCu1KrII="
		},
		"co": {
			"version": "4.6.0",
			"resolved": "https://registry.npmjs.org/co/-/co-4.6.0.tgz",
			"integrity": "sha1-bqa989hTrlTMuOR7+gvz+QMfsYQ="
		},
		"color-convert": {
			"version": "1.9.2",
			"resolved": "https://registry.npmjs.org/color-convert/-/color-convert-1.9.2.tgz",
			"integrity": "sha512-3NUJZdhMhcdPn8vJ9v2UQJoH0qqoGUkYTgFEPZaPjEtwmmKUfNV46zZmgB2M5M4DCEQHMaCfWHCxiBflLm04Tg==",
			"requires": {
				"color-name": "1.1.1"
			}
		},
		"color-name": {
			"version": "1.1.1",
			"resolved": "https://registry.npmjs.org/color-name/-/color-name-1.1.1.tgz",
			"integrity": "sha1-SxQVMEz1ACjqgWQ2Q72C6gWANok="
		},
		"commander": {
			"version": "2.9.0",
			"resolved": "https://registry.npmjs.org/commander/-/commander-2.9.0.tgz",
			"integrity": "sha1-nJkJQXbhIkDLItbFFGCYQA/g99Q=",
			"requires": {
				"graceful-readlink": ">= 1.0.0"
			}
		},
		"concat-map": {
			"version": "0.0.1",
			"resolved": "https://registry.npmjs.org/concat-map/-/concat-map-0.0.1.tgz",
			"integrity": "sha1-2Klr13/Wjfd5OnMDajug1UBdR3s="
		},
		"debug": {
			"version": "2.6.8",
			"resolved": "https://registry.npmjs.org/debug/-/debug-2.6.8.tgz",
			"integrity": "sha1-5zFTHKLt4n0YgiJCfaF4IdaP9Pw=",
			"requires": {
				"ms": "2.0.0"
			}
		},
		"deep-eql": {
			"version": "3.0.1",
			"resolved": "https://registry.npmjs.org/deep-eql/-/deep-eql-3.0.1.tgz",
			"integrity": "sha512-+QeIQyN5ZuO+3Uk5DYh6/1eKO0m0YmJFGNmFHGACpf1ClL1nmlV/p4gNgbl2pJGxgXb4faqo6UE+M5ACEMyVcw==",
			"requires": {
				"type-detect": "^4.0.0"
			}
		},
		"diff": {
			"version": "3.2.0",
			"resolved": "https://registry.npmjs.org/diff/-/diff-3.2.0.tgz",
			"integrity": "sha1-yc45Okt8vQsFinJck98pkCeGj/k="
		},
		"escape-string-regexp": {
			"version": "1.0.5",
			"resolved": "https://registry.npmjs.org/escape-string-regexp/-/escape-string-regexp-1.0.5.tgz",
			"integrity": "sha1-G2HAViGQqN/2rjuyzwIAyhMLhtQ="
		},
		"fast-deep-equal": {
			"version": "1.1.0",
			"resolved": "https://registry.npmjs.org/fast-deep-equal/-/fast-deep-equal-1.1.0.tgz",
			"integrity": "sha1-wFNHeBfIa1HaqFPIHgWbcz0CNhQ="
		},
		"fast-json-stable-stringify": {
			"version": "2.0.0",
			"resolved": "https://registry.npmjs.org/fast-json-stable-stringify/-/fast-json-stable-stringify-2.0.0.tgz",
			"integrity": "sha1-1RQsDK7msRifh9OnYREGT4bIu/I="
		},
		"fs.realpath": {
			"version": "1.0.0",
			"resolved": "https://registry.npmjs.org/fs.realpath/-/fs.realpath-1.0.0.tgz",
			"integrity": "sha1-FQStJSMVjKpA20onh8sBQRmU6k8="
		},
		"get-func-name": {
			"version": "2.0.0",
			"resolved": "https://registry.npmjs.org/get-func-name/-/get-func-name-2.0.0.tgz",
			"integrity": "sha1-6td0q+5y4gQJQzoGY2YCPdaIekE="
		},
		"glob": {
			"version": "7.1.1",
			"resolved": "https://registry.npmjs.org/glob/-/glob-7.1.1.tgz",
			"integrity": "sha1-gFIR3wT6rxxjo2ADBs31reULLsg=",
			"requires": {
				"fs.realpath": "^1.0.0",
				"inflight": "^1.0.4",
				"inherits": "2",
				"minimatch": "^3.0.2",
				"once": "^1.3.0",
				"path-is-absolute": "^1.0.0"
			}
		},
		"graceful-readlink": {
			"version": "1.0.1",
			"resolved": "https://registry.npmjs.org/graceful-readlink/-/graceful-readlink-1.0.1.tgz",
			"integrity": "sha1-TK+tdrxi8C+gObL5Tpo906ORpyU="
		},
		"growl": {
			"version": "1.9.2",
			"resolved": "https://registry.npmjs.org/growl/-/growl-1.9.2.tgz",
			"integrity": "sha1-Dqd0NxXbjY3ixe3hd14bRayFwC8="
		},
		"has-flag": {
			"version": "1.0.0",
			"resolved": "https://registry.npmjs.org/has-flag/-/has-flag-1.0.0.tgz",
			"integrity": "sha1-nZ55MWXOAXoA8AQYxD+UKnsdEfo="
		},
		"he": {
			"version": "1.1.1",
			"resolved": "https://registry.npmjs.org/he/-/he-1.1.1.tgz",
			"integrity": "sha1-k0EP0hsAlzUVH4howvJx80J+I/0="
		},
		"homedir-polyfill": {
			"version": "1.0.1",
			"resolved": "https://registry.npmjs.org/homedir-polyfill/-/homedir-polyfill-1.0.1.tgz",
			"integrity": "sha1-TCu8inWJmP7r9e1oWA921GdotLw=",
			"requires": {
				"parse-passwd": "^1.0.0"
			}
		},
		"inflight": {
			"version": "1.0.6",
			"resolved": "https://registry.npmjs.org/inflight/-/inflight-1.0.6.tgz",
			"integrity": "sha1-Sb1jMdfQLQwJvJEKEHW6gWW1bfk=",
			"requires": {
				"once": "^1.3.0",
				"wrappy": "1"
			}
		},
		"inherits": {
			"version": "2.0.3",
			"resolved": "https://registry.npmjs.org/inherits/-/inherits-2.0.3.tgz",
			"integrity": "sha1-Yzwsg+PaQqUC9SRmAiSA9CCCYd4="
		},
		"json-schema-traverse": {
			"version": "0.3.1",
			"resolved": "https://registry.npmjs.org/json-schema-traverse/-/json-schema-traverse-0.3.1.tgz",
			"integrity": "sha1-NJptRMU6Ud6JtAgFxdXlm0F9M0A="
		},
		"json3": {
			"version": "3.3.2",
			"resolved": "https://registry.npmjs.org/json3/-/json3-3.3.2.tgz",
			"integrity": "sha1-PAQ0dD35Pi9cQq7nsZvLSDV19OE="
		},
		"lodash._baseassign": {
			"version": "3.2.0",
			"resolved": "https://registry.npmjs.org/lodash._baseassign/-/lodash._baseassign-3.2.0.tgz",
			"integrity": "sha1-jDigmVAPIVrQnlnxci/QxSv+Ck4=",
			"requires": {
				"lodash._basecopy": "^3.0.0",
				"lodash.keys": "^3.0.0"
			}
		},
		"lodash._basecopy": {
			"version": "3.0.1",
			"resolved": "https://registry.npmjs.org/lodash._basecopy/-/lodash._basecopy-3.0.1.tgz",
			"integrity": "sha1-jaDmqHbPNEwK2KVIghEd08XHyjY="
		},
		"lodash._basecreate": {
			"version": "3.0.3",
			"resolved": "https://registry.npmjs.org/lodash._basecreate/-/lodash._basecreate-3.0.3.tgz",
			"integrity": "sha1-G8ZhYU2qf8MRt9A78WgGoCE8+CE="
		},
		"lodash._getnative": {
			"version": "3.9.1",
			"resolved": "https://registry.npmjs.org/lodash._getnative/-/lodash._getnative-3.9.1.tgz",
			"integrity": "sha1-VwvH3t5G1hzc3mh9ZdPuy6o6r/U="
		},
		"lodash._isiterateecall": {
			"version": "3.0.9",
			"resolved": "https://registry.npmjs.org/lodash._isiterateecall/-/lodash._isiterateecall-3.0.9.tgz",
			"integrity": "sha1-UgOte6Ql+uhCRg5pbbnPPmqsBXw="
		},
		"lodash.create": {
			"version": "3.1.1",
			"resolved": "https://registry.npmjs.org/lodash.create/-/lodash.create-3.1.1.tgz",
			"integrity": "sha1-1/KEnw29p+BGgruM1yqwIkYd6+c=",
			"requires": {
				"lodash._baseassign": "^3.0.0",
				"lodash._basecreate": "^3.0.0",
				"lodash._isiterateecall": "^3.0.0"
			}
		},
		"lodash.isarguments": {
			"version": "3.1.0",
			"resolved": "https://registry.npmjs.org/lodash.isarguments/-/lodash.isarguments-3.1.0.tgz",
			"integrity": "sha1-L1c9hcaiQon/AGY7SRwdM4/zRYo="
		},
		"lodash.isarray": {
			"version": "3.0.4",
			"resolved": "https://registry.npmjs.org/lodash.isarray/-/lodash.isarray-3.0.4.tgz",
			"integrity": "sha1-eeTriMNqgSKvhvhEqpvNhRtfu1U="
		},
		"lodash.keys": {
			"version": "3.1.2",
			"resolved": "https://registry.npmjs.org/lodash.keys/-/lodash.keys-3.1.2.tgz",
			"integrity": "sha1-TbwEcrFWvlCgsoaFXRvQsMZWCYo=",
			"requires": {
				"lodash._getnative": "^3.0.0",
				"lodash.isarguments": "^3.0.0",
				"lodash.isarray": "^3.0.0"
			}
		},
		"make-error": {
			"version": "1.3.4",
			"resolved": "https://registry.npmjs.org/make-error/-/make-error-1.3.4.tgz",
			"integrity": "sha512-0Dab5btKVPhibSalc9QGXb559ED7G7iLjFXBaj9Wq8O3vorueR5K5jaE3hkG6ZQINyhA/JgG6Qk4qdFQjsYV6g=="
		},
		"minimatch": {
			"version": "3.0.4",
			"resolved": "https://registry.npmjs.org/minimatch/-/minimatch-3.0.4.tgz",
			"integrity": "sha512-yJHVQEhyqPLUTgt9B83PXu6W3rx4MvvHvSUvToogpwoGDOUQ+yDrR0HRot+yOCdCO7u4hX3pWft6kWBBcqh0UA==",
			"requires": {
				"brace-expansion": "^1.1.7"
			}
		},
		"minimist": {
			"version": "0.0.8",
			"resolved": "https://registry.npmjs.org/minimist/-/minimist-0.0.8.tgz",
			"integrity": "sha1-hX/Kv8M5fSYluCKCYuhqp6ARsF0="
		},
		"mkdirp": {
			"version": "0.5.1",
			"resolved": "https://registry.npmjs.org/mkdirp/-/mkdirp-0.5.1.tgz",
			"integrity": "sha1-MAV0OOrGz3+MR2fzhkjWaX11yQM=",
			"requires": {
				"minimist": "0.0.8"
			}
		},
		"mocha": {
			"version": "3.5.3",
			"resolved": "https://registry.npmjs.org/mocha/-/mocha-3.5.3.tgz",
			"integrity": "sha512-/6na001MJWEtYxHOV1WLfsmR4YIynkUEhBwzsb+fk2qmQ3iqsi258l/Q2MWHJMImAcNpZ8DEdYAK72NHoIQ9Eg==",
			"requires": {
				"browser-stdout": "1.3.0",
				"commander": "2.9.0",
				"debug": "2.6.8",
				"diff": "3.2.0",
				"escape-string-regexp": "1.0.5",
				"glob": "7.1.1",
				"growl": "1.9.2",
				"he": "1.1.1",
				"json3": "3.3.2",
				"lodash.create": "3.1.1",
				"mkdirp": "0.5.1",
				"supports-color": "3.1.2"
			}
		},
		"ms": {
			"version": "2.0.0",
			"resolved": "https://registry.npmjs.org/ms/-/ms-2.0.0.tgz",
			"integrity": "sha1-VgiurfwAvmwpAd9fmGF4jeDVl8g="
		},
		"once": {
			"version": "1.4.0",
			"resolved": "https://registry.npmjs.org/once/-/once-1.4.0.tgz",
			"integrity": "sha1-WDsap3WWHUsROsF9nFC6753Xa9E=",
			"requires": {
				"wrappy": "1"
			}
		},
		"parse-passwd": {
			"version": "1.0.0",
			"resolved": "https://registry.npmjs.org/parse-passwd/-/parse-passwd-1.0.0.tgz",
			"integrity": "sha1-bVuTSkVpk7I9N/QKOC1vFmao5cY="
		},
		"path-is-absolute": {
			"version": "1.0.1",
			"resolved": "https://registry.npmjs.org/path-is-absolute/-/path-is-absolute-1.0.1.tgz",
			"integrity": "sha1-F0uSaHNVNP+8es5r9TpanhtcX18="
		},
		"pathval": {
			"version": "1.1.0",
			"resolved": "https://registry.npmjs.org/pathval/-/pathval-1.1.0.tgz",
			"integrity": "sha1-uULm1L3mUwBe9rcTYd74cn0GReA="
		},
		"rimraf": {
			"version": "2.6.2",
			"resolved": "https://registry.npmjs.org/rimraf/-/rimraf-2.6.2.tgz",
			"integrity": "sha512-lreewLK/BlghmxtfH36YYVg1i8IAce4TI7oao75I1g245+6BctqTVQiBP3YUJ9C6DQOXJmkYR9X9fCLtCOJc5w==",
			"requires": {
				"glob": "^7.0.5"
			}
		},
		"source-map": {
			"version": "0.5.7",
			"resolved": "https://registry.npmjs.org/source-map/-/source-map-0.5.7.tgz",
			"integrity": "sha1-igOdLRAh0i0eoUyA2OpGi6LvP8w="
		},
		"source-map-support": {
			"version": "0.4.18",
			"resolved": "https://registry.npmjs.org/source-map-support/-/source-map-support-0.4.18.tgz",
			"integrity": "sha512-try0/JqxPLF9nOjvSta7tVondkP5dwgyLDjVoyMDlmjugT2lRZ1OfsrYTkCd2hkDnJTKRbO/Rl3orm8vlsUzbA==",
			"requires": {
				"source-map": "^0.5.6"
			}
		},
		"strip-bom": {
			"version": "3.0.0",
			"resolved": "https://registry.npmjs.org/strip-bom/-/strip-bom-3.0.0.tgz",
			"integrity": "sha1-IzTBjpx1n3vdVv3vfprj1YjmjtM="
		},
		"strip-json-comments": {
			"version": "2.0.1",
			"resolved": "https://registry.npmjs.org/strip-json-comments/-/strip-json-comments-2.0.1.tgz",
			"integrity": "sha1-PFMZQukIwml8DsNEhYwobHygpgo="
		},
		"supports-color": {
			"version": "3.1.2",
			"resolved": "https://registry.npmjs.org/supports-color/-/supports-color-3.1.2.tgz",
			"integrity": "sha1-cqJiiU2dQIuVbKBf83su2KbiotU=",
			"requires": {
				"has-flag": "^1.0.0"
			}
		},
		"ts-node": {
			"version": "3.3.0",
			"resolved": "https://registry.npmjs.org/ts-node/-/ts-node-3.3.0.tgz",
			"integrity": "sha1-wTxqMCTjC+EYDdUwOPwgkonUv2k=",
			"requires": {
				"arrify": "^1.0.0",
				"chalk": "^2.0.0",
				"diff": "^3.1.0",
				"make-error": "^1.1.1",
				"minimist": "^1.2.0",
				"mkdirp": "^0.5.1",
				"source-map-support": "^0.4.0",
				"tsconfig": "^6.0.0",
				"v8flags": "^3.0.0",
				"yn": "^2.0.0"
			},
			"dependencies": {
				"minimist": {
					"version": "1.2.0",
					"resolved": "https://registry.npmjs.org/minimist/-/minimist-1.2.0.tgz",
					"integrity": "sha1-o1AIsg9BOD7sH7kU9M1d95omQoQ="
				}
			}
		},
		"tsconfig": {
			"version": "6.0.0",
			"resolved": "https://registry.npmjs.org/tsconfig/-/tsconfig-6.0.0.tgz",
			"integrity": "sha1-aw6DdgA9evGGT434+J3QBZ/80DI=",
			"requires": {
				"strip-bom": "^3.0.0",
				"strip-json-comments": "^2.0.0"
			}
		},
		"type-detect": {
			"version": "4.0.8",
			"resolved": "https://registry.npmjs.org/type-detect/-/type-detect-4.0.8.tgz",
			"integrity": "sha512-0fr/mIH1dlO+x7TlcMy+bIDqKPsw/70tVyeHW787goQjhmqaZe10uwLujubK9q9Lg6Fiho1KUKDYz0Z7k7g5/g=="
		},
		"typescript": {
			"version": "2.9.2",
			"resolved": "https://registry.npmjs.org/typescript/-/typescript-2.9.2.tgz",
			"integrity": "sha512-Gr4p6nFNaoufRIY4NMdpQRNmgxVIGMs4Fcu/ujdYk3nAZqk7supzBE9idmvfZIlH/Cuj//dvi+019qEue9lV0w=="
		},
		"v8flags": {
			"version": "3.1.1",
			"resolved": "https://registry.npmjs.org/v8flags/-/v8flags-3.1.1.tgz",
			"integrity": "sha512-iw/1ViSEaff8NJ3HLyEjawk/8hjJib3E7pvG4pddVXfUg1983s3VGsiClDjhK64MQVDGqc1Q8r18S4VKQZS9EQ==",
			"requires": {
				"homedir-polyfill": "^1.0.1"
			}
		},
		"wrappy": {
			"version": "1.0.2",
			"resolved": "https://registry.npmjs.org/wrappy/-/wrappy-1.0.2.tgz",
			"integrity": "sha1-tSQ9jz7BqjXxNkYFvA0QNuMKtp8="
		},
		"yn": {
			"version": "2.0.0",
			"resolved": "https://registry.npmjs.org/yn/-/yn-2.0.0.tgz",
			"integrity": "sha1-5a2ryKz0CPY4X8dklWhMiOavaJo="
		}
	}
}
